
Microsoft Visual Studio Solution File, Format Version 12.00
# Visual Studio Version 16
VisualStudioVersion = 16.0.29920.165
MinimumVisualStudioVersion = 10.0.40219.1
Project("{FAE04EC0-301F-11D3-BF4B-00C04F79EFBC}") = "ZombieGame", "ZombieGame\ZombieGame.csproj", "{D009D8C3-2725-48EE-BA1C-721CD04A9090}"
EndProject
Global
	GlobalSection(SolutionConfigurationPlatforms) = preSolution
		Debug|Any CPU = Debug|Any CPU
		Release|Any CPU = Release|Any CPU
	EndGlobalSection
	GlobalSection(ProjectConfigurationPlatforms) = postSolution
		{D009D8C3-2725-48EE-BA1C-721CD04A9090}.Debug|Any CPU.ActiveCfg = Debug|Any CPU
		{D009D8C3-2725-48EE-BA1C-721CD04A9090}.Debug|Any CPU.Build.0 = Debug|Any CPU
		{D009D8C3-2725-48EE-BA1C-721CD04A9090}.Release|Any CPU.ActiveCfg = Release|Any CPU
		{D009D8C3-2725-48EE-BA1C-721CD04A9090}.Release|Any CPU.Build.0 = Release|Any CPU
	EndGlobalSection
	GlobalSection(SolutionProperties) = preSolution
		HideSolutionNode = FALSE
	EndGlobalSection
	GlobalSection(ExtensibilityGlobals) = postSolution
		SolutionGuid = {4E377949-C1EE-4848-A469-AFC6040C75B1}
	EndGlobalSection
EndGlobal
